
Microsoft Visual Studio Solution File, Format Version 12.00
# Visual Studio 14
VisualStudioVersion = 14.0.25420.1
MinimumVisualStudioVersion = 10.0.40219.1
Project("{FAE04EC0-301F-11D3-BF4B-00C04F79EFBC}") = "GameWork.Core.Audio", "GameWork.Core\GameWork.Core.Audio\GameWork.Core.Audio.csproj", "{115076F7-D8A0-422B-A70D-F0D0A6D2F64C}"
EndProject
Project("{FAE04EC0-301F-11D3-BF4B-00C04F79EFBC}") = "GameWork.Core.Commands", "GameWork.Core\GameWork.Core.Commands\GameWork.Core.Commands.csproj", "{7ADF8CD4-CFCB-4E35-ABF7-E761497EAA11}"
EndProject
Project("{FAE04EC0-301F-11D3-BF4B-00C04F79EFBC}") = "GameWork.Core.Components", "GameWork.Core\GameWork.Core.Components\GameWork.Core.Components.csproj", "{C0C02E92-C987-4AE4-87BE-DA9F15BA5F74}"
EndProject
Project("{FAE04EC0-301F-11D3-BF4B-00C04F79EFBC}") = "GameWork.Core.Controllers", "GameWork.Core\GameWork.Core.Controllers\GameWork.Core.Controllers.csproj", "{5DEDBE97-71CD-42AC-9819-B5C1F99B459A}"
EndProject
Project("{FAE04EC0-301F-11D3-BF4B-00C04F79EFBC}") = "GameWork.Core.Commands.Tests", "GameWork.Core\GameWork.Core.Commands.Tests\GameWork.Core.Commands.Tests.csproj", "{B0293DF0-31A0-442C-B0F3-21F94C884FE0}"
EndProject
Project("{FAE04EC0-301F-11D3-BF4B-00C04F79EFBC}") = "GameWork.Core.Components.Tests", "GameWork.Core\GameWork.Core.Components.Tests\GameWork.Core.Components.Tests.csproj", "{88CCA717-C4A4-4ED1-AF49-DDB119D482A6}"
EndProject
Project("{FAE04EC0-301F-11D3-BF4B-00C04F79EFBC}") = "GameWork.Core.Extensions", "GameWork.Core\GameWork.Core.Extensions\GameWork.Core.Extensions.csproj", "{96198EA6-16EC-434D-A5A7-E396E99A158B}"
EndProject
Project("{FAE04EC0-301F-11D3-BF4B-00C04F79EFBC}") = "GameWork.Core.Factories", "GameWork.Core\GameWork.Core.Factories\GameWork.Core.Factories.csproj", "{0C31213F-FA68-49E4-BFEE-71AEFDB53921}"
EndProject
Project("{FAE04EC0-301F-11D3-BF4B-00C04F79EFBC}") = "GameWork.Core.IO", "GameWork.Core\GameWork.Core.IO\GameWork.Core.IO.csproj", "{1C2C7CF3-79D3-40AC-B908-EA4DBF5D9AC3}"
EndProject
Project("{FAE04EC0-301F-11D3-BF4B-00C04F79EFBC}") = "GameWork.Core.Localization", "GameWork.Core\GameWork.Core.Localization\GameWork.Core.Localization.csproj", "{82CC29E6-A9AE-4621-8D25-1DEC3D9F3E7C}"
EndProject
Project("{FAE04EC0-301F-11D3-BF4B-00C04F79EFBC}") = "GameWork.Core.Logging", "GameWork.Core\GameWork.Core.Logging\GameWork.Core.Logging.csproj", "{FB406B0E-AED7-4482-9866-B64C7A64BB6C}"
EndProject
Project("{FAE04EC0-301F-11D3-BF4B-00C04F79EFBC}") = "GameWork.Core.Logging.Tests", "GameWork.Core\GameWork.Core.Logging.Tests\GameWork.Core.Logging.Tests.csproj", "{287F4A71-2782-4962-930E-19A57838BB3C}"
EndProject
Project("{FAE04EC0-301F-11D3-BF4B-00C04F79EFBC}") = "GameWork.Core.Math", "GameWork.Core\GameWork.Core.Math\GameWork.Core.Math.csproj", "{10A3459A-DCC3-4261-BB8D-517451CA0E9C}"
EndProject
Project("{FAE04EC0-301F-11D3-BF4B-00C04F79EFBC}") = "GameWork.Core.Math.Tests", "GameWork.Core\GameWork.Core.Math.Tests\GameWork.Core.Math.Tests.csproj", "{85C50DD2-FBD8-4D3C-B3AA-419C6C43C061}"
EndProject
Project("{FAE04EC0-301F-11D3-BF4B-00C04F79EFBC}") = "GameWork.Core.Models", "GameWork.Core\GameWork.Core.Models\GameWork.Core.Models.csproj", "{D61DC2F7-EB1E-4468-B53F-803B4C873217}"
EndProject
Project("{FAE04EC0-301F-11D3-BF4B-00C04F79EFBC}") = "GameWork.Core.States", "GameWork.Core\GameWork.Core.States\GameWork.Core.States.csproj", "{D9ABF6B3-C495-4A39-B234-FCAB5EC9DB30}"
EndProject
Project("{FAE04EC0-301F-11D3-BF4B-00C04F79EFBC}") = "GameWork.Core.Utilities", "GameWork.Core\GameWork.Core.Utilities\GameWork.Core.Utilities.csproj", "{9F1396D6-07B0-4442-AB70-D90967C7AB74}"
EndProject
Project("{2150E333-8FDC-42A3-9474-1A3956D46DE8}") = "Core", "Core", "{2BC0A97D-7F26-4561-B922-927647F05269}"
EndProject
Project("{FAE04EC0-301F-11D3-BF4B-00C04F79EFBC}") = "GameWork.Unity.Engine.Animation", "GameWork.Unity.Engine.Animation\GameWork.Unity.Engine.Animation.csproj", "{07E35538-801D-48D1-8B16-F38AC14A1B85}"
EndProject
Project("{FAE04EC0-301F-11D3-BF4B-00C04F79EFBC}") = "GameWork.Unity.Engine.Audio", "GameWork.Unity.Engine.Audio\GameWork.Unity.Engine.Audio.csproj", "{AEA233CB-372B-4B40-898D-471BE33163C9}"
EndProject
Project("{FAE04EC0-301F-11D3-BF4B-00C04F79EFBC}") = "GameWork.Unity.Engine.Logging", "GameWork.Unity.Engine.Logging\GameWork.Unity.Engine.Logging.csproj", "{8D37944E-6DD0-44DC-A73D-CC878E193490}"
EndProject
Project("{FAE04EC0-301F-11D3-BF4B-00C04F79EFBC}") = "GameWork.Unity.Engine.IO", "GameWork.Unity.Engine.IO\GameWork.Unity.Engine.IO.csproj", "{FF743C53-D7CC-425A-85F8-4B6FC22A210C}"
EndProject
Project("{FAE04EC0-301F-11D3-BF4B-00C04F79EFBC}") = "GameWork.Unity.Editor.Build", "GameWork.Unity.Editor.Build\GameWork.Unity.Editor.Build.csproj", "{4C85BBA6-BC56-4AA8-A3F7-F351A6AD8CBA}"
EndProject
Project("{FAE04EC0-301F-11D3-BF4B-00C04F79EFBC}") = "GameWork.Unity.Editor.Build.Tests", "GameWork.Unity.Editor.Build.Tests\GameWork.Unity.Editor.Build.Tests.csproj", "{7FBBE731-AE9C-45E5-A7DC-E91E79443848}"
EndProject
Project("{FAE04EC0-301F-11D3-BF4B-00C04F79EFBC}") = "GameWork.Unity.Engine.Math", "GameWork.Unity.Engine.Math\GameWork.Unity.Engine.Math.csproj", "{5AB4607F-C41A-4B9B-A4AF-3BD0580F910A}"
EndProject
Project("{FAE04EC0-301F-11D3-BF4B-00C04F79EFBC}") = "GameWork.Core.ObjectPool", "GameWork.Core\GameWork.Core.ObjectPool\GameWork.Core.ObjectPool.csproj", "{7C2A6405-D635-467B-BFBF-3F802C9E7174}"
EndProject
Project("{FAE04EC0-301F-11D3-BF4B-00C04F79EFBC}") = "GameWork.Unity.Engine.GameObjectPool", "GameWork.Unity.Engine.GameObjectPool\GameWork.Unity.Engine.GameObjectPool.csproj", "{52C3EED3-19DC-4F44-90C0-783BFD417A00}"
EndProject
Project("{2150E333-8FDC-42A3-9474-1A3956D46DE8}") = "Editor", "Editor", "{1E385AF5-BBC4-4BFB-B6B4-97064D2276E3}"
EndProject
Project("{2150E333-8FDC-42A3-9474-1A3956D46DE8}") = "Engine", "Engine", "{6E8CD679-E8C6-4EF8-AD47-F3F334EFD296}"
EndProject
Global
	GlobalSection(SolutionConfigurationPlatforms) = preSolution
		Debug|Any CPU = Debug|Any CPU
		Release|Any CPU = Release|Any CPU
		Unity Debug|Any CPU = Unity Debug|Any CPU
	EndGlobalSection
	GlobalSection(ProjectConfigurationPlatforms) = postSolution
		{115076F7-D8A0-422B-A70D-F0D0A6D2F64C}.Debug|Any CPU.ActiveCfg = Debug|Any CPU
		{115076F7-D8A0-422B-A70D-F0D0A6D2F64C}.Debug|Any CPU.Build.0 = Debug|Any CPU
		{115076F7-D8A0-422B-A70D-F0D0A6D2F64C}.Release|Any CPU.ActiveCfg = Release|Any CPU
		{115076F7-D8A0-422B-A70D-F0D0A6D2F64C}.Release|Any CPU.Build.0 = Release|Any CPU
		{115076F7-D8A0-422B-A70D-F0D0A6D2F64C}.Unity Debug|Any CPU.ActiveCfg = Unity Debug|Any CPU
		{115076F7-D8A0-422B-A70D-F0D0A6D2F64C}.Unity Debug|Any CPU.Build.0 = Unity Debug|Any CPU
		{7ADF8CD4-CFCB-4E35-ABF7-E761497EAA11}.Debug|Any CPU.ActiveCfg = Debug|Any CPU
		{7ADF8CD4-CFCB-4E35-ABF7-E761497EAA11}.Debug|Any CPU.Build.0 = Debug|Any CPU
		{7ADF8CD4-CFCB-4E35-ABF7-E761497EAA11}.Release|Any CPU.ActiveCfg = Release|Any CPU
		{7ADF8CD4-CFCB-4E35-ABF7-E761497EAA11}.Release|Any CPU.Build.0 = Release|Any CPU
		{7ADF8CD4-CFCB-4E35-ABF7-E761497EAA11}.Unity Debug|Any CPU.ActiveCfg = Unity Debug|Any CPU
		{7ADF8CD4-CFCB-4E35-ABF7-E761497EAA11}.Unity Debug|Any CPU.Build.0 = Unity Debug|Any CPU
		{C0C02E92-C987-4AE4-87BE-DA9F15BA5F74}.Debug|Any CPU.ActiveCfg = Debug|Any CPU
		{C0C02E92-C987-4AE4-87BE-DA9F15BA5F74}.Debug|Any CPU.Build.0 = Debug|Any CPU
		{C0C02E92-C987-4AE4-87BE-DA9F15BA5F74}.Release|Any CPU.ActiveCfg = Release|Any CPU
		{C0C02E92-C987-4AE4-87BE-DA9F15BA5F74}.Release|Any CPU.Build.0 = Release|Any CPU
		{C0C02E92-C987-4AE4-87BE-DA9F15BA5F74}.Unity Debug|Any CPU.ActiveCfg = Unity Debug|Any CPU
		{C0C02E92-C987-4AE4-87BE-DA9F15BA5F74}.Unity Debug|Any CPU.Build.0 = Unity Debug|Any CPU
		{5DEDBE97-71CD-42AC-9819-B5C1F99B459A}.Debug|Any CPU.ActiveCfg = Debug|Any CPU
		{5DEDBE97-71CD-42AC-9819-B5C1F99B459A}.Debug|Any CPU.Build.0 = Debug|Any CPU
		{5DEDBE97-71CD-42AC-9819-B5C1F99B459A}.Release|Any CPU.ActiveCfg = Release|Any CPU
		{5DEDBE97-71CD-42AC-9819-B5C1F99B459A}.Release|Any CPU.Build.0 = Release|Any CPU
		{5DEDBE97-71CD-42AC-9819-B5C1F99B459A}.Unity Debug|Any CPU.ActiveCfg = Unity Debug|Any CPU
		{5DEDBE97-71CD-42AC-9819-B5C1F99B459A}.Unity Debug|Any CPU.Build.0 = Unity Debug|Any CPU
		{B0293DF0-31A0-442C-B0F3-21F94C884FE0}.Debug|Any CPU.ActiveCfg = Debug|Any CPU
		{B0293DF0-31A0-442C-B0F3-21F94C884FE0}.Debug|Any CPU.Build.0 = Debug|Any CPU
		{B0293DF0-31A0-442C-B0F3-21F94C884FE0}.Release|Any CPU.ActiveCfg = Release|Any CPU
		{B0293DF0-31A0-442C-B0F3-21F94C884FE0}.Release|Any CPU.Build.0 = Release|Any CPU
		{B0293DF0-31A0-442C-B0F3-21F94C884FE0}.Unity Debug|Any CPU.ActiveCfg = Unity Debug|Any CPU
		{B0293DF0-31A0-442C-B0F3-21F94C884FE0}.Unity Debug|Any CPU.Build.0 = Unity Debug|Any CPU
		{88CCA717-C4A4-4ED1-AF49-DDB119D482A6}.Debug|Any CPU.ActiveCfg = Debug|Any CPU
		{88CCA717-C4A4-4ED1-AF49-DDB119D482A6}.Debug|Any CPU.Build.0 = Debug|Any CPU
		{88CCA717-C4A4-4ED1-AF49-DDB119D482A6}.Release|Any CPU.ActiveCfg = Release|Any CPU
		{88CCA717-C4A4-4ED1-AF49-DDB119D482A6}.Release|Any CPU.Build.0 = Release|Any CPU
		{88CCA717-C4A4-4ED1-AF49-DDB119D482A6}.Unity Debug|Any CPU.ActiveCfg = Unity Debug|Any CPU
		{88CCA717-C4A4-4ED1-AF49-DDB119D482A6}.Unity Debug|Any CPU.Build.0 = Unity Debug|Any CPU
		{96198EA6-16EC-434D-A5A7-E396E99A158B}.Debug|Any CPU.ActiveCfg = Debug|Any CPU
		{96198EA6-16EC-434D-A5A7-E396E99A158B}.Debug|Any CPU.Build.0 = Debug|Any CPU
		{96198EA6-16EC-434D-A5A7-E396E99A158B}.Release|Any CPU.ActiveCfg = Release|Any CPU
		{96198EA6-16EC-434D-A5A7-E396E99A158B}.Release|Any CPU.Build.0 = Release|Any CPU
		{96198EA6-16EC-434D-A5A7-E396E99A158B}.Unity Debug|Any CPU.ActiveCfg = Unity Debug|Any CPU
		{96198EA6-16EC-434D-A5A7-E396E99A158B}.Unity Debug|Any CPU.Build.0 = Unity Debug|Any CPU
		{0C31213F-FA68-49E4-BFEE-71AEFDB53921}.Debug|Any CPU.ActiveCfg = Debug|Any CPU
		{0C31213F-FA68-49E4-BFEE-71AEFDB53921}.Debug|Any CPU.Build.0 = Debug|Any CPU
		{0C31213F-FA68-49E4-BFEE-71AEFDB53921}.Release|Any CPU.ActiveCfg = Release|Any CPU
		{0C31213F-FA68-49E4-BFEE-71AEFDB53921}.Release|Any CPU.Build.0 = Release|Any CPU
		{0C31213F-FA68-49E4-BFEE-71AEFDB53921}.Unity Debug|Any CPU.ActiveCfg = Unity Debug|Any CPU
		{0C31213F-FA68-49E4-BFEE-71AEFDB53921}.Unity Debug|Any CPU.Build.0 = Unity Debug|Any CPU
		{1C2C7CF3-79D3-40AC-B908-EA4DBF5D9AC3}.Debug|Any CPU.ActiveCfg = Debug|Any CPU
		{1C2C7CF3-79D3-40AC-B908-EA4DBF5D9AC3}.Debug|Any CPU.Build.0 = Debug|Any CPU
		{1C2C7CF3-79D3-40AC-B908-EA4DBF5D9AC3}.Release|Any CPU.ActiveCfg = Release|Any CPU
		{1C2C7CF3-79D3-40AC-B908-EA4DBF5D9AC3}.Release|Any CPU.Build.0 = Release|Any CPU
		{1C2C7CF3-79D3-40AC-B908-EA4DBF5D9AC3}.Unity Debug|Any CPU.ActiveCfg = Unity Debug|Any CPU
		{1C2C7CF3-79D3-40AC-B908-EA4DBF5D9AC3}.Unity Debug|Any CPU.Build.0 = Unity Debug|Any CPU
		{82CC29E6-A9AE-4621-8D25-1DEC3D9F3E7C}.Debug|Any CPU.ActiveCfg = Debug|Any CPU
		{82CC29E6-A9AE-4621-8D25-1DEC3D9F3E7C}.Debug|Any CPU.Build.0 = Debug|Any CPU
		{82CC29E6-A9AE-4621-8D25-1DEC3D9F3E7C}.Release|Any CPU.ActiveCfg = Release|Any CPU
		{82CC29E6-A9AE-4621-8D25-1DEC3D9F3E7C}.Release|Any CPU.Build.0 = Release|Any CPU
		{82CC29E6-A9AE-4621-8D25-1DEC3D9F3E7C}.Unity Debug|Any CPU.ActiveCfg = Unity Debug|Any CPU
		{82CC29E6-A9AE-4621-8D25-1DEC3D9F3E7C}.Unity Debug|Any CPU.Build.0 = Unity Debug|Any CPU
		{FB406B0E-AED7-4482-9866-B64C7A64BB6C}.Debug|Any CPU.ActiveCfg = Debug|Any CPU
		{FB406B0E-AED7-4482-9866-B64C7A64BB6C}.Debug|Any CPU.Build.0 = Debug|Any CPU
		{FB406B0E-AED7-4482-9866-B64C7A64BB6C}.Release|Any CPU.ActiveCfg = Release|Any CPU
		{FB406B0E-AED7-4482-9866-B64C7A64BB6C}.Release|Any CPU.Build.0 = Release|Any CPU
		{FB406B0E-AED7-4482-9866-B64C7A64BB6C}.Unity Debug|Any CPU.ActiveCfg = Unity Debug|Any CPU
		{FB406B0E-AED7-4482-9866-B64C7A64BB6C}.Unity Debug|Any CPU.Build.0 = Unity Debug|Any CPU
		{287F4A71-2782-4962-930E-19A57838BB3C}.Debug|Any CPU.ActiveCfg = Debug|Any CPU
		{287F4A71-2782-4962-930E-19A57838BB3C}.Debug|Any CPU.Build.0 = Debug|Any CPU
		{287F4A71-2782-4962-930E-19A57838BB3C}.Release|Any CPU.ActiveCfg = Release|Any CPU
		{287F4A71-2782-4962-930E-19A57838BB3C}.Release|Any CPU.Build.0 = Release|Any CPU
		{287F4A71-2782-4962-930E-19A57838BB3C}.Unity Debug|Any CPU.ActiveCfg = Unity Debug|Any CPU
		{287F4A71-2782-4962-930E-19A57838BB3C}.Unity Debug|Any CPU.Build.0 = Unity Debug|Any CPU
		{10A3459A-DCC3-4261-BB8D-517451CA0E9C}.Debug|Any CPU.ActiveCfg = Debug|Any CPU
		{10A3459A-DCC3-4261-BB8D-517451CA0E9C}.Debug|Any CPU.Build.0 = Debug|Any CPU
		{10A3459A-DCC3-4261-BB8D-517451CA0E9C}.Release|Any CPU.ActiveCfg = Release|Any CPU
		{10A3459A-DCC3-4261-BB8D-517451CA0E9C}.Release|Any CPU.Build.0 = Release|Any CPU
		{10A3459A-DCC3-4261-BB8D-517451CA0E9C}.Unity Debug|Any CPU.ActiveCfg = Unity Debug|Any CPU
		{10A3459A-DCC3-4261-BB8D-517451CA0E9C}.Unity Debug|Any CPU.Build.0 = Unity Debug|Any CPU
		{85C50DD2-FBD8-4D3C-B3AA-419C6C43C061}.Debug|Any CPU.ActiveCfg = Debug|Any CPU
		{85C50DD2-FBD8-4D3C-B3AA-419C6C43C061}.Debug|Any CPU.Build.0 = Debug|Any CPU
		{85C50DD2-FBD8-4D3C-B3AA-419C6C43C061}.Release|Any CPU.ActiveCfg = Release|Any CPU
		{85C50DD2-FBD8-4D3C-B3AA-419C6C43C061}.Release|Any CPU.Build.0 = Release|Any CPU
		{85C50DD2-FBD8-4D3C-B3AA-419C6C43C061}.Unity Debug|Any CPU.ActiveCfg = Unity Debug|Any CPU
		{85C50DD2-FBD8-4D3C-B3AA-419C6C43C061}.Unity Debug|Any CPU.Build.0 = Unity Debug|Any CPU
		{D61DC2F7-EB1E-4468-B53F-803B4C873217}.Debug|Any CPU.ActiveCfg = Debug|Any CPU
		{D61DC2F7-EB1E-4468-B53F-803B4C873217}.Debug|Any CPU.Build.0 = Debug|Any CPU
		{D61DC2F7-EB1E-4468-B53F-803B4C873217}.Release|Any CPU.ActiveCfg = Release|Any CPU
		{D61DC2F7-EB1E-4468-B53F-803B4C873217}.Release|Any CPU.Build.0 = Release|Any CPU
		{D61DC2F7-EB1E-4468-B53F-803B4C873217}.Unity Debug|Any CPU.ActiveCfg = Unity Debug|Any CPU
		{D61DC2F7-EB1E-4468-B53F-803B4C873217}.Unity Debug|Any CPU.Build.0 = Unity Debug|Any CPU
		{D9ABF6B3-C495-4A39-B234-FCAB5EC9DB30}.Debug|Any CPU.ActiveCfg = Debug|Any CPU
		{D9ABF6B3-C495-4A39-B234-FCAB5EC9DB30}.Debug|Any CPU.Build.0 = Debug|Any CPU
		{D9ABF6B3-C495-4A39-B234-FCAB5EC9DB30}.Release|Any CPU.ActiveCfg = Release|Any CPU
		{D9ABF6B3-C495-4A39-B234-FCAB5EC9DB30}.Release|Any CPU.Build.0 = Release|Any CPU
		{D9ABF6B3-C495-4A39-B234-FCAB5EC9DB30}.Unity Debug|Any CPU.ActiveCfg = Unity Debug|Any CPU
		{D9ABF6B3-C495-4A39-B234-FCAB5EC9DB30}.Unity Debug|Any CPU.Build.0 = Unity Debug|Any CPU
		{9F1396D6-07B0-4442-AB70-D90967C7AB74}.Debug|Any CPU.ActiveCfg = Debug|Any CPU
		{9F1396D6-07B0-4442-AB70-D90967C7AB74}.Debug|Any CPU.Build.0 = Debug|Any CPU
		{9F1396D6-07B0-4442-AB70-D90967C7AB74}.Release|Any CPU.ActiveCfg = Release|Any CPU
		{9F1396D6-07B0-4442-AB70-D90967C7AB74}.Release|Any CPU.Build.0 = Release|Any CPU
		{9F1396D6-07B0-4442-AB70-D90967C7AB74}.Unity Debug|Any CPU.ActiveCfg = Unity Debug|Any CPU
		{9F1396D6-07B0-4442-AB70-D90967C7AB74}.Unity Debug|Any CPU.Build.0 = Unity Debug|Any CPU
		{07E35538-801D-48D1-8B16-F38AC14A1B85}.Debug|Any CPU.ActiveCfg = Debug|Any CPU
		{07E35538-801D-48D1-8B16-F38AC14A1B85}.Debug|Any CPU.Build.0 = Debug|Any CPU
		{07E35538-801D-48D1-8B16-F38AC14A1B85}.Release|Any CPU.ActiveCfg = Release|Any CPU
		{07E35538-801D-48D1-8B16-F38AC14A1B85}.Release|Any CPU.Build.0 = Release|Any CPU
		{07E35538-801D-48D1-8B16-F38AC14A1B85}.Unity Debug|Any CPU.ActiveCfg = Unity Debug|Any CPU
		{07E35538-801D-48D1-8B16-F38AC14A1B85}.Unity Debug|Any CPU.Build.0 = Unity Debug|Any CPU
		{AEA233CB-372B-4B40-898D-471BE33163C9}.Debug|Any CPU.ActiveCfg = Debug|Any CPU
		{AEA233CB-372B-4B40-898D-471BE33163C9}.Debug|Any CPU.Build.0 = Debug|Any CPU
		{AEA233CB-372B-4B40-898D-471BE33163C9}.Release|Any CPU.ActiveCfg = Release|Any CPU
		{AEA233CB-372B-4B40-898D-471BE33163C9}.Release|Any CPU.Build.0 = Release|Any CPU
		{AEA233CB-372B-4B40-898D-471BE33163C9}.Unity Debug|Any CPU.ActiveCfg = Unity Debug|Any CPU
		{AEA233CB-372B-4B40-898D-471BE33163C9}.Unity Debug|Any CPU.Build.0 = Unity Debug|Any CPU
		{8D37944E-6DD0-44DC-A73D-CC878E193490}.Debug|Any CPU.ActiveCfg = Debug|Any CPU
		{8D37944E-6DD0-44DC-A73D-CC878E193490}.Debug|Any CPU.Build.0 = Debug|Any CPU
		{8D37944E-6DD0-44DC-A73D-CC878E193490}.Release|Any CPU.ActiveCfg = Release|Any CPU
		{8D37944E-6DD0-44DC-A73D-CC878E193490}.Release|Any CPU.Build.0 = Release|Any CPU
		{8D37944E-6DD0-44DC-A73D-CC878E193490}.Unity Debug|Any CPU.ActiveCfg = Unity Debug|Any CPU
		{8D37944E-6DD0-44DC-A73D-CC878E193490}.Unity Debug|Any CPU.Build.0 = Unity Debug|Any CPU
		{FF743C53-D7CC-425A-85F8-4B6FC22A210C}.Debug|Any CPU.ActiveCfg = Debug|Any CPU
		{FF743C53-D7CC-425A-85F8-4B6FC22A210C}.Debug|Any CPU.Build.0 = Debug|Any CPU
		{FF743C53-D7CC-425A-85F8-4B6FC22A210C}.Release|Any CPU.ActiveCfg = Release|Any CPU
		{FF743C53-D7CC-425A-85F8-4B6FC22A210C}.Release|Any CPU.Build.0 = Release|Any CPU
		{FF743C53-D7CC-425A-85F8-4B6FC22A210C}.Unity Debug|Any CPU.ActiveCfg = Unity Debug|Any CPU
		{FF743C53-D7CC-425A-85F8-4B6FC22A210C}.Unity Debug|Any CPU.Build.0 = Unity Debug|Any CPU
		{4C85BBA6-BC56-4AA8-A3F7-F351A6AD8CBA}.Debug|Any CPU.ActiveCfg = Debug|Any CPU
		{4C85BBA6-BC56-4AA8-A3F7-F351A6AD8CBA}.Debug|Any CPU.Build.0 = Debug|Any CPU
		{4C85BBA6-BC56-4AA8-A3F7-F351A6AD8CBA}.Release|Any CPU.ActiveCfg = Release|Any CPU
		{4C85BBA6-BC56-4AA8-A3F7-F351A6AD8CBA}.Release|Any CPU.Build.0 = Release|Any CPU
		{4C85BBA6-BC56-4AA8-A3F7-F351A6AD8CBA}.Unity Debug|Any CPU.ActiveCfg = Unity Debug|Any CPU
		{4C85BBA6-BC56-4AA8-A3F7-F351A6AD8CBA}.Unity Debug|Any CPU.Build.0 = Unity Debug|Any CPU
		{7FBBE731-AE9C-45E5-A7DC-E91E79443848}.Debug|Any CPU.ActiveCfg = Debug|Any CPU
		{7FBBE731-AE9C-45E5-A7DC-E91E79443848}.Debug|Any CPU.Build.0 = Debug|Any CPU
		{7FBBE731-AE9C-45E5-A7DC-E91E79443848}.Release|Any CPU.ActiveCfg = Release|Any CPU
		{7FBBE731-AE9C-45E5-A7DC-E91E79443848}.Release|Any CPU.Build.0 = Release|Any CPU
		{7FBBE731-AE9C-45E5-A7DC-E91E79443848}.Unity Debug|Any CPU.ActiveCfg = Unity Debug|Any CPU
		{7FBBE731-AE9C-45E5-A7DC-E91E79443848}.Unity Debug|Any CPU.Build.0 = Unity Debug|Any CPU
		{5AB4607F-C41A-4B9B-A4AF-3BD0580F910A}.Debug|Any CPU.ActiveCfg = Debug|Any CPU
		{5AB4607F-C41A-4B9B-A4AF-3BD0580F910A}.Debug|Any CPU.Build.0 = Debug|Any CPU
		{5AB4607F-C41A-4B9B-A4AF-3BD0580F910A}.Release|Any CPU.ActiveCfg = Release|Any CPU
		{5AB4607F-C41A-4B9B-A4AF-3BD0580F910A}.Release|Any CPU.Build.0 = Release|Any CPU
		{5AB4607F-C41A-4B9B-A4AF-3BD0580F910A}.Unity Debug|Any CPU.ActiveCfg = Unity Debug|Any CPU
		{5AB4607F-C41A-4B9B-A4AF-3BD0580F910A}.Unity Debug|Any CPU.Build.0 = Unity Debug|Any CPU
		{7C2A6405-D635-467B-BFBF-3F802C9E7174}.Debug|Any CPU.ActiveCfg = Debug|Any CPU
		{7C2A6405-D635-467B-BFBF-3F802C9E7174}.Debug|Any CPU.Build.0 = Debug|Any CPU
		{7C2A6405-D635-467B-BFBF-3F802C9E7174}.Release|Any CPU.ActiveCfg = Release|Any CPU
		{7C2A6405-D635-467B-BFBF-3F802C9E7174}.Release|Any CPU.Build.0 = Release|Any CPU
		{7C2A6405-D635-467B-BFBF-3F802C9E7174}.Unity Debug|Any CPU.ActiveCfg = Unity Debug|Any CPU
		{7C2A6405-D635-467B-BFBF-3F802C9E7174}.Unity Debug|Any CPU.Build.0 = Unity Debug|Any CPU
		{52C3EED3-19DC-4F44-90C0-783BFD417A00}.Debug|Any CPU.ActiveCfg = Debug|Any CPU
		{52C3EED3-19DC-4F44-90C0-783BFD417A00}.Debug|Any CPU.Build.0 = Debug|Any CPU
		{52C3EED3-19DC-4F44-90C0-783BFD417A00}.Release|Any CPU.ActiveCfg = Release|Any CPU
		{52C3EED3-19DC-4F44-90C0-783BFD417A00}.Release|Any CPU.Build.0 = Release|Any CPU
		{52C3EED3-19DC-4F44-90C0-783BFD417A00}.Unity Debug|Any CPU.ActiveCfg = Unity Debug|Any CPU
		{52C3EED3-19DC-4F44-90C0-783BFD417A00}.Unity Debug|Any CPU.Build.0 = Unity Debug|Any CPU
	EndGlobalSection
	GlobalSection(SolutionProperties) = preSolution
		HideSolutionNode = FALSE
	EndGlobalSection
	GlobalSection(NestedProjects) = preSolution
		{115076F7-D8A0-422B-A70D-F0D0A6D2F64C} = {2BC0A97D-7F26-4561-B922-927647F05269}
		{7ADF8CD4-CFCB-4E35-ABF7-E761497EAA11} = {2BC0A97D-7F26-4561-B922-927647F05269}
		{C0C02E92-C987-4AE4-87BE-DA9F15BA5F74} = {2BC0A97D-7F26-4561-B922-927647F05269}
		{5DEDBE97-71CD-42AC-9819-B5C1F99B459A} = {2BC0A97D-7F26-4561-B922-927647F05269}
		{B0293DF0-31A0-442C-B0F3-21F94C884FE0} = {2BC0A97D-7F26-4561-B922-927647F05269}
		{88CCA717-C4A4-4ED1-AF49-DDB119D482A6} = {2BC0A97D-7F26-4561-B922-927647F05269}
		{96198EA6-16EC-434D-A5A7-E396E99A158B} = {2BC0A97D-7F26-4561-B922-927647F05269}
		{0C31213F-FA68-49E4-BFEE-71AEFDB53921} = {2BC0A97D-7F26-4561-B922-927647F05269}
		{1C2C7CF3-79D3-40AC-B908-EA4DBF5D9AC3} = {2BC0A97D-7F26-4561-B922-927647F05269}
		{82CC29E6-A9AE-4621-8D25-1DEC3D9F3E7C} = {2BC0A97D-7F26-4561-B922-927647F05269}
		{FB406B0E-AED7-4482-9866-B64C7A64BB6C} = {2BC0A97D-7F26-4561-B922-927647F05269}
		{287F4A71-2782-4962-930E-19A57838BB3C} = {2BC0A97D-7F26-4561-B922-927647F05269}
		{10A3459A-DCC3-4261-BB8D-517451CA0E9C} = {2BC0A97D-7F26-4561-B922-927647F05269}
		{85C50DD2-FBD8-4D3C-B3AA-419C6C43C061} = {2BC0A97D-7F26-4561-B922-927647F05269}
		{D61DC2F7-EB1E-4468-B53F-803B4C873217} = {2BC0A97D-7F26-4561-B922-927647F05269}
		{D9ABF6B3-C495-4A39-B234-FCAB5EC9DB30} = {2BC0A97D-7F26-4561-B922-927647F05269}
		{9F1396D6-07B0-4442-AB70-D90967C7AB74} = {2BC0A97D-7F26-4561-B922-927647F05269}
		{07E35538-801D-48D1-8B16-F38AC14A1B85} = {6E8CD679-E8C6-4EF8-AD47-F3F334EFD296}
		{AEA233CB-372B-4B40-898D-471BE33163C9} = {6E8CD679-E8C6-4EF8-AD47-F3F334EFD296}
		{8D37944E-6DD0-44DC-A73D-CC878E193490} = {6E8CD679-E8C6-4EF8-AD47-F3F334EFD296}
		{FF743C53-D7CC-425A-85F8-4B6FC22A210C} = {6E8CD679-E8C6-4EF8-AD47-F3F334EFD296}
		{4C85BBA6-BC56-4AA8-A3F7-F351A6AD8CBA} = {1E385AF5-BBC4-4BFB-B6B4-97064D2276E3}
		{7FBBE731-AE9C-45E5-A7DC-E91E79443848} = {1E385AF5-BBC4-4BFB-B6B4-97064D2276E3}
		{5AB4607F-C41A-4B9B-A4AF-3BD0580F910A} = {6E8CD679-E8C6-4EF8-AD47-F3F334EFD296}
		{7C2A6405-D635-467B-BFBF-3F802C9E7174} = {2BC0A97D-7F26-4561-B922-927647F05269}
		{52C3EED3-19DC-4F44-90C0-783BFD417A00} = {6E8CD679-E8C6-4EF8-AD47-F3F334EFD296}
	EndGlobalSection
EndGlobal
