
Microsoft Visual Studio Solution File, Format Version 12.00
# Visual Studio 14
VisualStudioVersion = 14.0.25420.1
MinimumVisualStudioVersion = 10.0.40219.1
Project("{FAE04EC0-301F-11D3-BF4B-00C04F79EFBC}") = "GameWork.Unity.Engine.Animation", "GameWork.Unity.Engine.Animation\GameWork.Unity.Engine.Animation.csproj", "{07E35538-801D-48D1-8B16-F38AC14A1B85}"
EndProject
Project("{FAE04EC0-301F-11D3-BF4B-00C04F79EFBC}") = "GameWork.Unity.Engine.Audio", "GameWork.Unity.Engine.Audio\GameWork.Unity.Engine.Audio.csproj", "{AEA233CB-372B-4B40-898D-471BE33163C9}"
EndProject
Project("{FAE04EC0-301F-11D3-BF4B-00C04F79EFBC}") = "GameWork.Unity.Engine.Logging", "GameWork.Unity.Engine.Logging\GameWork.Unity.Engine.Logging.csproj", "{8D37944E-6DD0-44DC-A73D-CC878E193490}"
EndProject
Project("{FAE04EC0-301F-11D3-BF4B-00C04F79EFBC}") = "GameWork.Unity.Engine.IO", "GameWork.Unity.Engine.IO\GameWork.Unity.Engine.IO.csproj", "{FF743C53-D7CC-425A-85F8-4B6FC22A210C}"
EndProject
Project("{FAE04EC0-301F-11D3-BF4B-00C04F79EFBC}") = "GameWork.Unity.Editor.Build", "GameWork.Unity.Editor.Build\GameWork.Unity.Editor.Build.csproj", "{4C85BBA6-BC56-4AA8-A3F7-F351A6AD8CBA}"
EndProject
Project("{FAE04EC0-301F-11D3-BF4B-00C04F79EFBC}") = "GameWork.Unity.Editor.Build.Tests", "GameWork.Unity.Editor.Build.Tests\GameWork.Unity.Editor.Build.Tests.csproj", "{7FBBE731-AE9C-45E5-A7DC-E91E79443848}"
EndProject
Project("{FAE04EC0-301F-11D3-BF4B-00C04F79EFBC}") = "GameWork.Unity.Engine.Math", "GameWork.Unity.Engine.Math\GameWork.Unity.Engine.Math.csproj", "{5AB4607F-C41A-4B9B-A4AF-3BD0580F910A}"
EndProject
Project("{FAE04EC0-301F-11D3-BF4B-00C04F79EFBC}") = "GameWork.Unity.Engine.GameObjectPool", "GameWork.Unity.Engine.GameObjectPool\GameWork.Unity.Engine.GameObjectPool.csproj", "{52C3EED3-19DC-4F44-90C0-783BFD417A00}"
EndProject
Project("{2150E333-8FDC-42A3-9474-1A3956D46DE8}") = "Editor", "Editor", "{1E385AF5-BBC4-4BFB-B6B4-97064D2276E3}"
EndProject
Project("{2150E333-8FDC-42A3-9474-1A3956D46DE8}") = "Engine", "Engine", "{6E8CD679-E8C6-4EF8-AD47-F3F334EFD296}"
EndProject
Project("{FAE04EC0-301F-11D3-BF4B-00C04F79EFBC}") = "GameWork.Unity.Engine.GameObject", "GameWork.Unity.Engine.GameObject\GameWork.Unity.Engine.GameObject.csproj", "{86445E9B-F32C-4D17-945B-4A75EC1AF3A7}"
EndProject
Project("{FAE04EC0-301F-11D3-BF4B-00C04F79EFBC}") = "GameWork.Unity.Engine.States", "GameWork.Unity.Engine.States\GameWork.Unity.Engine.States.csproj", "{7FDEE61C-22DF-497C-A337-47C44D87B79F}"
EndProject
Global
	GlobalSection(SolutionConfigurationPlatforms) = preSolution
		Debug|Any CPU = Debug|Any CPU
		Release|Any CPU = Release|Any CPU
	EndGlobalSection
	GlobalSection(ProjectConfigurationPlatforms) = postSolution
		{07E35538-801D-48D1-8B16-F38AC14A1B85}.Debug|Any CPU.ActiveCfg = Debug|Any CPU
		{07E35538-801D-48D1-8B16-F38AC14A1B85}.Debug|Any CPU.Build.0 = Debug|Any CPU
		{07E35538-801D-48D1-8B16-F38AC14A1B85}.Release|Any CPU.ActiveCfg = Release|Any CPU
		{07E35538-801D-48D1-8B16-F38AC14A1B85}.Release|Any CPU.Build.0 = Release|Any CPU
		{AEA233CB-372B-4B40-898D-471BE33163C9}.Debug|Any CPU.ActiveCfg = Debug|Any CPU
		{AEA233CB-372B-4B40-898D-471BE33163C9}.Debug|Any CPU.Build.0 = Debug|Any CPU
		{AEA233CB-372B-4B40-898D-471BE33163C9}.Release|Any CPU.ActiveCfg = Release|Any CPU
		{AEA233CB-372B-4B40-898D-471BE33163C9}.Release|Any CPU.Build.0 = Release|Any CPU
		{8D37944E-6DD0-44DC-A73D-CC878E193490}.Debug|Any CPU.ActiveCfg = Debug|Any CPU
		{8D37944E-6DD0-44DC-A73D-CC878E193490}.Debug|Any CPU.Build.0 = Debug|Any CPU
		{8D37944E-6DD0-44DC-A73D-CC878E193490}.Release|Any CPU.ActiveCfg = Release|Any CPU
		{8D37944E-6DD0-44DC-A73D-CC878E193490}.Release|Any CPU.Build.0 = Release|Any CPU
		{FF743C53-D7CC-425A-85F8-4B6FC22A210C}.Debug|Any CPU.ActiveCfg = Debug|Any CPU
		{FF743C53-D7CC-425A-85F8-4B6FC22A210C}.Debug|Any CPU.Build.0 = Debug|Any CPU
		{FF743C53-D7CC-425A-85F8-4B6FC22A210C}.Release|Any CPU.ActiveCfg = Release|Any CPU
		{FF743C53-D7CC-425A-85F8-4B6FC22A210C}.Release|Any CPU.Build.0 = Release|Any CPU
		{4C85BBA6-BC56-4AA8-A3F7-F351A6AD8CBA}.Debug|Any CPU.ActiveCfg = Debug|Any CPU
		{4C85BBA6-BC56-4AA8-A3F7-F351A6AD8CBA}.Debug|Any CPU.Build.0 = Debug|Any CPU
		{4C85BBA6-BC56-4AA8-A3F7-F351A6AD8CBA}.Release|Any CPU.ActiveCfg = Release|Any CPU
		{4C85BBA6-BC56-4AA8-A3F7-F351A6AD8CBA}.Release|Any CPU.Build.0 = Release|Any CPU
		{7FBBE731-AE9C-45E5-A7DC-E91E79443848}.Debug|Any CPU.ActiveCfg = Debug|Any CPU
		{7FBBE731-AE9C-45E5-A7DC-E91E79443848}.Debug|Any CPU.Build.0 = Debug|Any CPU
		{7FBBE731-AE9C-45E5-A7DC-E91E79443848}.Release|Any CPU.ActiveCfg = Release|Any CPU
		{7FBBE731-AE9C-45E5-A7DC-E91E79443848}.Release|Any CPU.Build.0 = Release|Any CPU
		{5AB4607F-C41A-4B9B-A4AF-3BD0580F910A}.Debug|Any CPU.ActiveCfg = Debug|Any CPU
		{5AB4607F-C41A-4B9B-A4AF-3BD0580F910A}.Debug|Any CPU.Build.0 = Debug|Any CPU
		{5AB4607F-C41A-4B9B-A4AF-3BD0580F910A}.Release|Any CPU.ActiveCfg = Release|Any CPU
		{5AB4607F-C41A-4B9B-A4AF-3BD0580F910A}.Release|Any CPU.Build.0 = Release|Any CPU
		{52C3EED3-19DC-4F44-90C0-783BFD417A00}.Debug|Any CPU.ActiveCfg = Debug|Any CPU
		{52C3EED3-19DC-4F44-90C0-783BFD417A00}.Debug|Any CPU.Build.0 = Debug|Any CPU
		{52C3EED3-19DC-4F44-90C0-783BFD417A00}.Release|Any CPU.ActiveCfg = Release|Any CPU
		{52C3EED3-19DC-4F44-90C0-783BFD417A00}.Release|Any CPU.Build.0 = Release|Any CPU
		{86445E9B-F32C-4D17-945B-4A75EC1AF3A7}.Debug|Any CPU.ActiveCfg = Debug|Any CPU
		{86445E9B-F32C-4D17-945B-4A75EC1AF3A7}.Debug|Any CPU.Build.0 = Debug|Any CPU
		{86445E9B-F32C-4D17-945B-4A75EC1AF3A7}.Release|Any CPU.ActiveCfg = Release|Any CPU
		{86445E9B-F32C-4D17-945B-4A75EC1AF3A7}.Release|Any CPU.Build.0 = Release|Any CPU
		{7FDEE61C-22DF-497C-A337-47C44D87B79F}.Debug|Any CPU.ActiveCfg = Debug|Any CPU
		{7FDEE61C-22DF-497C-A337-47C44D87B79F}.Debug|Any CPU.Build.0 = Debug|Any CPU
		{7FDEE61C-22DF-497C-A337-47C44D87B79F}.Release|Any CPU.ActiveCfg = Release|Any CPU
		{7FDEE61C-22DF-497C-A337-47C44D87B79F}.Release|Any CPU.Build.0 = Release|Any CPU
	EndGlobalSection
	GlobalSection(SolutionProperties) = preSolution
		HideSolutionNode = FALSE
	EndGlobalSection
	GlobalSection(NestedProjects) = preSolution
		{07E35538-801D-48D1-8B16-F38AC14A1B85} = {6E8CD679-E8C6-4EF8-AD47-F3F334EFD296}
		{AEA233CB-372B-4B40-898D-471BE33163C9} = {6E8CD679-E8C6-4EF8-AD47-F3F334EFD296}
		{8D37944E-6DD0-44DC-A73D-CC878E193490} = {6E8CD679-E8C6-4EF8-AD47-F3F334EFD296}
		{FF743C53-D7CC-425A-85F8-4B6FC22A210C} = {6E8CD679-E8C6-4EF8-AD47-F3F334EFD296}
		{4C85BBA6-BC56-4AA8-A3F7-F351A6AD8CBA} = {1E385AF5-BBC4-4BFB-B6B4-97064D2276E3}
		{7FBBE731-AE9C-45E5-A7DC-E91E79443848} = {1E385AF5-BBC4-4BFB-B6B4-97064D2276E3}
		{5AB4607F-C41A-4B9B-A4AF-3BD0580F910A} = {6E8CD679-E8C6-4EF8-AD47-F3F334EFD296}
		{52C3EED3-19DC-4F44-90C0-783BFD417A00} = {6E8CD679-E8C6-4EF8-AD47-F3F334EFD296}
		{86445E9B-F32C-4D17-945B-4A75EC1AF3A7} = {6E8CD679-E8C6-4EF8-AD47-F3F334EFD296}
		{7FDEE61C-22DF-497C-A337-47C44D87B79F} = {6E8CD679-E8C6-4EF8-AD47-F3F334EFD296}
	EndGlobalSection
EndGlobal
